{
  "version": 4,
  "terraform_version": "1.5.6",
  "serial": 36,
  "lineage": "b13a6d99-8e2c-82f7-9b74-53393178de7b",
  "outputs": {},
  "resources": [
    {
      "mode": "managed",
      "type": "google_container_cluster",
      "name": "data-loop-assgn",
      "provider": "provider[\"registry.terraform.io/hashicorp/google\"]",
      "instances": [
        {
          "schema_version": 2,
          "attributes": {
            "addons_config": [
              {
                "cloudrun_config": [],
                "config_connector_config": [],
                "dns_cache_config": [],
                "gce_persistent_disk_csi_driver_config": [
                  {
                    "enabled": true
                  }
                ],
                "gcp_filestore_csi_driver_config": [],
                "gcs_fuse_csi_driver_config": [],
                "gke_backup_agent_config": [],
                "horizontal_pod_autoscaling": [],
                "http_load_balancing": [],
                "network_policy_config": [
                  {
                    "disabled": true
                  }
                ]
              }
            ],
            "allow_net_admin": null,
            "authenticator_groups_config": [],
            "binary_authorization": [
              {
                "enabled": false,
                "evaluation_mode": ""
              }
            ],
            "cluster_autoscaling": [
              {
                "auto_provisioning_defaults": [],
                "autoscaling_profile": "BALANCED",
                "enabled": false,
                "resource_limits": []
              }
            ],
            "cluster_ipv4_cidr": "10.96.0.0/14",
            "confidential_nodes": [],
            "cost_management_config": [],
            "database_encryption": [
              {
                "key_name": "",
                "state": "DECRYPTED"
              }
            ],
            "datapath_provider": "",
            "default_max_pods_per_node": 110,
            "default_snat_status": [
              {
                "disabled": false
              }
            ],
            "deletion_protection": true,
            "description": "",
            "dns_config": [],
            "enable_autopilot": false,
            "enable_intranode_visibility": false,
            "enable_k8s_beta_apis": [],
            "enable_kubernetes_alpha": false,
            "enable_l4_ilb_subsetting": false,
            "enable_legacy_abac": false,
            "enable_shielded_nodes": true,
            "enable_tpu": false,
            "endpoint": "34.41.177.90",
            "fleet": [],
            "gateway_api_config": [],
            "id": "projects/data-loop-assignment/locations/us-central1/clusters/data-loop-assgn",
            "identity_service_config": [],
            "initial_node_count": 1,
            "ip_allocation_policy": [
              {
                "additional_pod_ranges_config": [],
                "cluster_ipv4_cidr_block": "10.96.0.0/14",
                "cluster_secondary_range_name": "gke-data-loop-assgn-pods-593f8bc9",
                "pod_cidr_overprovision_config": [
                  {
                    "disabled": false
                  }
                ],
                "services_ipv4_cidr_block": "10.100.0.0/20",
                "services_secondary_range_name": "gke-data-loop-assgn-services-593f8bc9",
                "stack_type": "IPV4"
              }
            ],
            "label_fingerprint": "a9dc16a7",
            "location": "us-central1",
            "logging_config": [
              {
                "enable_components": [
                  "SYSTEM_COMPONENTS",
                  "WORKLOADS"
                ]
              }
            ],
            "logging_service": "logging.googleapis.com/kubernetes",
            "maintenance_policy": [],
            "master_auth": [
              {
                "client_certificate": "",
                "client_certificate_config": [
                  {
                    "issue_client_certificate": false
                  }
                ],
                "client_key": "",
                "cluster_ca_certificate": "LS0tLS1CRUdJTiBDRVJUSUZJQ0FURS0tLS0tCk1JSUVMVENDQXBXZ0F3SUJBZ0lSQUwwQXBibG1Wd0Jnb05leVF1eDFpR2d3RFFZSktvWklodmNOQVFFTEJRQXcKTHpFdE1Dc0dBMVVFQXhNa09UVXlZbUV5T0RjdE1HRXdZaTAwWXpabUxUa3pNbVF0WTJFMlpHWXhZekppWTJVMQpNQ0FYRFRJME1ERXdOREEwTVRJd05sb1lEekl3TlRNeE1qSTNNRFV4TWpBMldqQXZNUzB3S3dZRFZRUURFeVE1Ck5USmlZVEk0Tnkwd1lUQmlMVFJqTm1ZdE9UTXlaQzFqWVRaa1pqRmpNbUpqWlRVd2dnR2lNQTBHQ1NxR1NJYjMKRFFFQkFRVUFBNElCandBd2dnR0tBb0lCZ1FDU0ZFdVZYNXJudnZkK29Hd3J5WlJhcUtNcXBhdWFWdXAxblZjbwpNRWVSVUpIZTVObWdpRmk2U2JkeHVIc0daT2ErTmdJVmhrUk5wU3VJNmxkWFlDVWt1Y1J2MGVJcTEwSXFkeENlCituZGVXcDg5djNYWE05Wm5rUHkwTWRCM1lXQ2lZbE42M0lzbHNmNVhTUENkcURDT3kzT09TLzNYRW5TTzV4VHAKZWVIVkVtVmVqb3VVaktGMHo3V1pXRDFLaXVZSXNSa0tNRDFLMU9WQzNSTmg1YWNXZ24xMEZEd0s2VHVGa0t3SgppOFkyZ2UzQkJyaEN1UXN6WlRsc0pDb05FNUlkWktjWDhMVEpTcWUvYXhGTUI5QW5zOWFnQlZ4bFpKZXpYUjV5Cmx6aHNwQldNd3VRVjdFT0w4ZzZ4M0ZDblFIdGp1cGkxeTUyZlJ5QnBIMVhRRTJYM1FuMW1uUGJnLzhadFhvWFUKbWpkbHFoZDlpRnVKZytxcWZQQVZ4Ukt6TWtYRUJKOElXRTFIZWozc2VxUXo0cU1OeGVTazBZblRtV29wT3V2Wgp6THNJeGk3QjFPeDgxU05xZVRsdUJVckJkZEI4VEZZWGdvQlJxVlJVblBkdHQxdFA3QzdvRmpNSSsrSmdlMC9HClNZdzUxaC9lK0hCdkxMRjJPOCtvUlVTd1lORUNBd0VBQWFOQ01FQXdEZ1lEVlIwUEFRSC9CQVFEQWdJRU1BOEcKQTFVZEV3RUIvd1FGTUFNQkFmOHdIUVlEVlIwT0JCWUVGTmxFS2EwbVVFZkd3SDV0ekpCSUdxRnA2NUM4TUEwRwpDU3FHU0liM0RRRUJDd1VBQTRJQmdRQjJOazRjbHRLV1gvNytnblJpWDBPd0dvSGFJRHhpQ0FKenh2SmFIUlhuCnBsRk5tRE9rbTFRdmJ5VE1SejdYb3JPSi9oL1Q3eE96UHI0bXpmYU95amROK203eWRCOERtL294V0tLcWZOQmEKREMvZTZNK2gzYi9rWHR4S1VFYlhhOEY1elQ2dmZLMkNlMHRjRElzUmZuV3pDSm1YSG9jd1JudEpkbVJMV3JwUQpDamlYakVXblNsemJNR3ZacXNYWXlqYlptN3MvK2ZWbzVCcm81Zk9JVXRZY2dHU09Zb3d3WmtZcCtHdExGK25MCmZzWklCNUswZ093enJOVG1DZENoZ3hrRmdLRjRXcGJZYXQ0T0R5YlUvY0tMWCtVWDc0RHU1eWFDL21TRG5SZ0gKR2dFMW1WZXQrbEJDOE84cXhDdHlpVk1tOWhaR0ZILzNYeWZTNk5laCt3eU1wNk0zZVJvMzd1WWZoNmt1eXFKOQpDMDlabmQ1b2xSNndzZFE2a1R1d3JmbmZ1UGFlbkJyZUdMTW1LOG5RY0hpT2g3N0xFQ0sxVUh3RU1OTkJBdjAyCkIrT0NPcE45anhSbkhGc1NiQ1FhdHRGcVVzM0l5Z3NWaTZ6SEhhYWdWRHZEeGRpeW55eW5oZWpvWlloaS9zUVMKa3pzbzdrbHFBL1p1UG9OUkg4NURFbXM9Ci0tLS0tRU5EIENFUlRJRklDQVRFLS0tLS0K"
              }
            ],
            "master_authorized_networks_config": [],
            "master_version": "1.27.3-gke.100",
            "mesh_certificates": [],
            "min_master_version": null,
            "monitoring_config": [
              {
                "advanced_datapath_observability_config": [
                  {
                    "enable_metrics": false,
                    "relay_mode": ""
                  }
                ],
                "enable_components": [
                  "SYSTEM_COMPONENTS"
                ],
                "managed_prometheus": [
                  {
                    "enabled": true
                  }
                ]
              }
            ],
            "monitoring_service": "monitoring.googleapis.com/kubernetes",
            "name": "data-loop-assgn",
            "network": "projects/data-loop-assignment/global/networks/default",
            "network_policy": [
              {
                "enabled": false,
                "provider": "PROVIDER_UNSPECIFIED"
              }
            ],
            "networking_mode": "VPC_NATIVE",
            "node_config": [
              {
                "advanced_machine_features": [],
                "boot_disk_kms_key": "",
                "confidential_nodes": [],
                "disk_size_gb": 50,
                "disk_type": "pd-balanced",
                "effective_taints": [],
                "ephemeral_storage_local_ssd_config": [],
                "fast_socket": [],
                "gcfs_config": [],
                "guest_accelerator": [],
                "gvnic": [],
                "host_maintenance_policy": [],
                "image_type": "COS_CONTAINERD",
                "kubelet_config": [],
                "labels": {},
                "linux_node_config": [],
                "local_nvme_ssd_block_config": [],
                "local_ssd_count": 0,
                "logging_variant": "DEFAULT",
                "machine_type": "e2-medium",
                "metadata": {
                  "disable-legacy-endpoints": "true"
                },
                "min_cpu_platform": "",
                "node_group": "",
                "oauth_scopes": [
                  "https://www.googleapis.com/auth/devstorage.read_only",
                  "https://www.googleapis.com/auth/logging.write",
                  "https://www.googleapis.com/auth/monitoring",
                  "https://www.googleapis.com/auth/service.management.readonly",
                  "https://www.googleapis.com/auth/servicecontrol",
                  "https://www.googleapis.com/auth/trace.append"
                ],
                "preemptible": false,
                "reservation_affinity": [],
                "resource_labels": null,
                "service_account": "default",
                "shielded_instance_config": [
                  {
                    "enable_integrity_monitoring": true,
                    "enable_secure_boot": false
                  }
                ],
                "sole_tenant_config": [],
                "spot": false,
                "tags": null,
                "taint": [],
                "workload_metadata_config": []
              }
            ],
            "node_locations": [
              "us-central1-a",
              "us-central1-b",
              "us-central1-c"
            ],
            "node_pool": [
              {
                "autoscaling": [],
                "initial_node_count": 1,
                "instance_group_urls": [
                  "https://www.googleapis.com/compute/v1/projects/data-loop-assignment/zones/us-central1-b/instanceGroupManagers/gke-data-loop-assgn-default-pool-c85fe9ba-grp",
                  "https://www.googleapis.com/compute/v1/projects/data-loop-assignment/zones/us-central1-a/instanceGroupManagers/gke-data-loop-assgn-default-pool-bfeeae11-grp",
                  "https://www.googleapis.com/compute/v1/projects/data-loop-assignment/zones/us-central1-c/instanceGroupManagers/gke-data-loop-assgn-default-pool-b3caf730-grp"
                ],
                "managed_instance_group_urls": [
                  "https://www.googleapis.com/compute/v1/projects/data-loop-assignment/zones/us-central1-b/instanceGroups/gke-data-loop-assgn-default-pool-c85fe9ba-grp",
                  "https://www.googleapis.com/compute/v1/projects/data-loop-assignment/zones/us-central1-a/instanceGroups/gke-data-loop-assgn-default-pool-bfeeae11-grp",
                  "https://www.googleapis.com/compute/v1/projects/data-loop-assignment/zones/us-central1-c/instanceGroups/gke-data-loop-assgn-default-pool-b3caf730-grp"
                ],
                "management": [
                  {
                    "auto_repair": true,
                    "auto_upgrade": true
                  }
                ],
                "max_pods_per_node": 110,
                "name": "default-pool",
                "name_prefix": "",
                "network_config": [
                  {
                    "create_pod_range": false,
                    "enable_private_nodes": false,
                    "network_performance_config": [],
                    "pod_cidr_overprovision_config": [],
                    "pod_ipv4_cidr_block": "10.96.0.0/14",
                    "pod_range": "gke-data-loop-assgn-pods-593f8bc9"
                  }
                ],
                "node_config": [
                  {
                    "advanced_machine_features": [],
                    "boot_disk_kms_key": "",
                    "confidential_nodes": [],
                    "disk_size_gb": 50,
                    "disk_type": "pd-balanced",
                    "effective_taints": [],
                    "ephemeral_storage_local_ssd_config": [],
                    "fast_socket": [],
                    "gcfs_config": [],
                    "guest_accelerator": [],
                    "gvnic": [],
                    "host_maintenance_policy": [],
                    "image_type": "COS_CONTAINERD",
                    "kubelet_config": [],
                    "labels": {},
                    "linux_node_config": [],
                    "local_nvme_ssd_block_config": [],
                    "local_ssd_count": 0,
                    "logging_variant": "DEFAULT",
                    "machine_type": "e2-medium",
                    "metadata": {
                      "disable-legacy-endpoints": "true"
                    },
                    "min_cpu_platform": "",
                    "node_group": "",
                    "oauth_scopes": [
                      "https://www.googleapis.com/auth/devstorage.read_only",
                      "https://www.googleapis.com/auth/logging.write",
                      "https://www.googleapis.com/auth/monitoring",
                      "https://www.googleapis.com/auth/service.management.readonly",
                      "https://www.googleapis.com/auth/servicecontrol",
                      "https://www.googleapis.com/auth/trace.append"
                    ],
                    "preemptible": false,
                    "reservation_affinity": [],
                    "resource_labels": {},
                    "service_account": "default",
                    "shielded_instance_config": [
                      {
                        "enable_integrity_monitoring": true,
                        "enable_secure_boot": false
                      }
                    ],
                    "sole_tenant_config": [],
                    "spot": false,
                    "tags": [],
                    "taint": [],
                    "workload_metadata_config": []
                  }
                ],
                "node_count": 1,
                "node_locations": [
                  "us-central1-a",
                  "us-central1-b",
                  "us-central1-c"
                ],
                "placement_policy": [],
                "upgrade_settings": [
                  {
                    "blue_green_settings": [],
                    "max_surge": 1,
                    "max_unavailable": 0,
                    "strategy": "SURGE"
                  }
                ],
                "version": "1.27.3-gke.100"
              }
            ],
            "node_pool_auto_config": [],
            "node_pool_defaults": [
              {
                "node_config_defaults": [
                  {
                    "logging_variant": "DEFAULT"
                  }
                ]
              }
            ],
            "node_version": "1.27.3-gke.100",
            "notification_config": [
              {
                "pubsub": [
                  {
                    "enabled": false,
                    "filter": [],
                    "topic": ""
                  }
                ]
              }
            ],
            "operation": null,
            "private_cluster_config": [
              {
                "enable_private_endpoint": false,
                "enable_private_nodes": false,
                "master_global_access_config": [
                  {
                    "enabled": false
                  }
                ],
                "master_ipv4_cidr_block": "",
                "peering_name": "",
                "private_endpoint": "10.128.0.6",
                "private_endpoint_subnetwork": "",
                "public_endpoint": "34.41.177.90"
              }
            ],
            "private_ipv6_google_access": "",
            "project": "data-loop-assignment",
            "release_channel": [
              {
                "channel": "REGULAR"
              }
            ],
            "remove_default_node_pool": null,
            "resource_labels": null,
            "resource_usage_export_config": [],
            "security_posture_config": [
              {
                "mode": "BASIC",
                "vulnerability_mode": "VULNERABILITY_MODE_UNSPECIFIED"
              }
            ],
            "self_link": "https://container.googleapis.com/v1/projects/data-loop-assignment/locations/us-central1/clusters/data-loop-assgn",
            "service_external_ips_config": [
              {
                "enabled": false
              }
            ],
            "services_ipv4_cidr": "10.100.0.0/20",
            "subnetwork": "projects/data-loop-assignment/regions/us-central1/subnetworks/default",
            "timeouts": null,
            "tpu_ipv4_cidr_block": "",
            "vertical_pod_autoscaling": [],
            "workload_identity_config": []
          },
          "sensitive_attributes": [],
          "private": "eyJlMmJmYjczMC1lY2FhLTExZTYtOGY4OC0zNDM2M2JjN2M0YzAiOnsiY3JlYXRlIjoyNDAwMDAwMDAwMDAwLCJkZWxldGUiOjI0MDAwMDAwMDAwMDAsInJlYWQiOjI0MDAwMDAwMDAwMDAsInVwZGF0ZSI6MzYwMDAwMDAwMDAwMH0sInNjaGVtYV92ZXJzaW9uIjoiMiJ9"
        }
      ]
    },
    {
      "mode": "managed",
      "type": "helm_release",
      "name": "prometheus_grafana",
      "provider": "provider[\"registry.terraform.io/hashicorp/helm\"]",
      "instances": []
    },
    {
      "mode": "managed",
      "type": "kubernetes_deployment",
      "name": "nginx",
      "provider": "provider[\"registry.terraform.io/hashicorp/kubernetes\"]",
      "instances": []
    },
    {
      "mode": "managed",
      "type": "kubernetes_service",
      "name": "grafana_service",
      "provider": "provider[\"registry.terraform.io/hashicorp/kubernetes\"]",
      "instances": []
    },
    {
      "mode": "managed",
      "type": "kubernetes_service",
      "name": "nginx_service",
      "provider": "provider[\"registry.terraform.io/hashicorp/kubernetes\"]",
      "instances": []
    }
  ],
  "check_results": null
}
